{
    "_readme": [
        "This file locks the dependencies of your project to a known state",
        "Read more about it at https://getcomposer.org/doc/01-basic-usage.md#composer-lock-the-lock-file",
        "This file is @generated automatically"
    ],
    "content-hash": "5c64b7d933765f064d28a36acf0b70dc",
    "packages": [
        {
            "name": "xsat/nen",
            "version": "v1.12.0",
            "source": {
                "type": "git",
                "url": "https://github.com/xsat/nen.git",
                "reference": "541725696631e347c21bf17ecbbc5be8c5d6e525"
            },
            "dist": {
                "type": "zip",
                "url": "https://api.github.com/repos/xsat/nen/zipball/541725696631e347c21bf17ecbbc5be8c5d6e525",
                "reference": "541725696631e347c21bf17ecbbc5be8c5d6e525",
                "shasum": ""
            },
            "require": {
                "php": "^7.1.3"
            },
            "require-dev": {
                "phpunit/phpunit": "^6.2"
            },
            "type": "library",
            "autoload": {
                "psr-4": {
                    "Nen\\": "src/"
                }
            },
            "license": [
                "MIT"
            ],
            "authors": [
                {
                    "name": "Yuri Antonchyk",
                    "email": "yuri.antonchyk@gmail.com"
                }
            ],
            "description": "Nen - PHP Framework",
            "homepage": "https://github.com/xsat/nen",
            "support": {
                "issues": "https://github.com/xsat/nen/issues?state=open",
                "source": "https://github.com/xsat/nen"
            },
            "time": "2018-01-29T18:51:45+00:00"
        }
    ],
    "packages-dev": [],
    "aliases": [],
    "minimum-stability": "stable",
    "stability-flags": [],
    "prefer-stable": false,
    "prefer-lowest": false,
    "platform": {
        "php": "^7.1.3"
    },
    "platform-dev": []
}
